// !$*UTF8*$!
{
	archiveVersion = 1;
	classes = {
	};
	objectVersion = 52;
	objects = {

/* Begin PBXBuildFile section */
		87ABE2972595C4EC00560A95 /* kavsoft_realm_testApp.swift in Sources */ = {isa = PBXBuildFile; fileRef = 87ABE2962595C4EC00560A95 /* kavsoft_realm_testApp.swift */; };
		87ABE2992595C4EC00560A95 /* ContentView.swift in Sources */ = {isa = PBXBuildFile; fileRef = 87ABE2982595C4EC00560A95 /* ContentView.swift */; };
		87ABE29B2595C4F000560A95 /* Assets.xcassets in Resources */ = {isa = PBXBuildFile; fileRef = 87ABE29A2595C4F000560A95 /* Assets.xcassets */; };
		87ABE29E2595C4F000560A95 /* Preview Assets.xcassets in Resources */ = {isa = PBXBuildFile; fileRef = 87ABE29D2595C4F000560A95 /* Preview Assets.xcassets */; };
		87ABE2A92595C4F100560A95 /* kavsoft_realm_testTests.swift in Sources */ = {isa = PBXBuildFile; fileRef = 87ABE2A82595C4F100560A95 /* kavsoft_realm_testTests.swift */; };
		87ABE2B42595C4F100560A95 /* kavsoft_realm_testUITests.swift in Sources */ = {isa = PBXBuildFile; fileRef = 87ABE2B32595C4F100560A95 /* kavsoft_realm_testUITests.swift */; };
		87ABE2C62595C78200560A95 /* Realm in Frameworks */ = {isa = PBXBuildFile; productRef = 87ABE2C52595C78200560A95 /* Realm */; };
		87ABE2C82595C78200560A95 /* RealmSwift in Frameworks */ = {isa = PBXBuildFile; productRef = 87ABE2C72595C78200560A95 /* RealmSwift */; };
/* End PBXBuildFile section */

/* Begin PBXContainerItemProxy section */
		87ABE2A52595C4F100560A95 /* PBXContainerItemProxy */ = {
			isa = PBXContainerItemProxy;
			containerPortal = 87ABE28B2595C4EC00560A95 /* Project object */;
			proxyType = 1;
			remoteGlobalIDString = 87ABE2922595C4EC00560A95;
			remoteInfo = kavsoft_realm_test;
		};
		87ABE2B02595C4F100560A95 /* PBXContainerItemProxy */ = {
			isa = PBXContainerItemProxy;
			containerPortal = 87ABE28B2595C4EC00560A95 /* Project object */;
			proxyType = 1;
			remoteGlobalIDString = 87ABE2922595C4EC00560A95;
			remoteInfo = kavsoft_realm_test;
		};
/* End PBXContainerItemProxy section */

/* Begin PBXFileReference section */
		87ABE2932595C4EC00560A95 /* kavsoft_realm_test.app */ = {isa = PBXFileReference; explicitFileType = wrapper.application; includeInIndex = 0; path = kavsoft_realm_test.app; sourceTree = BUILT_PRODUCTS_DIR; };
		87ABE2962595C4EC00560A95 /* kavsoft_realm_testApp.swift */ = {isa = PBXFileReference; lastKnownFileType = sourcecode.swift; path = kavsoft_realm_testApp.swift; sourceTree = "<group>"; };
		87ABE2982595C4EC00560A95 /* ContentView.swift */ = {isa = PBXFileReference; lastKnownFileType = sourcecode.swift; path = ContentView.swift; sourceTree = "<group>"; };
		87ABE29A2595C4F000560A95 /* Assets.xcassets */ = {isa = PBXFileReference; lastKnownFileType = folder.assetcatalog; path = Assets.xcassets; sourceTree = "<group>"; };
		87ABE29D2595C4F000560A95 /* Preview Assets.xcassets */ = {isa = PBXFileReference; lastKnownFileType = folder.assetcatalog; path = "Preview Assets.xcassets"; sourceTree = "<group>"; };
		87ABE29F2595C4F000560A95 /* Info.plist */ = {isa = PBXFileReference; lastKnownFileType = text.plist.xml; path = Info.plist; sourceTree = "<group>"; };
		87ABE2A42595C4F100560A95 /* kavsoft_realm_testTests.xctest */ = {isa = PBXFileReference; explicitFileType = wrapper.cfbundle; includeInIndex = 0; path = kavsoft_realm_testTests.xctest; sourceTree = BUILT_PRODUCTS_DIR; };
		87ABE2A82595C4F100560A95 /* kavsoft_realm_testTests.swift */ = {isa = PBXFileReference; lastKnownFileType = sourcecode.swift; path = kavsoft_realm_testTests.swift; sourceTree = "<group>"; };
		87ABE2AA2595C4F100560A95 /* Info.plist */ = {isa = PBXFileReference; lastKnownFileType = text.plist.xml; path = Info.plist; sourceTree = "<group>"; };
		87ABE2AF2595C4F100560A95 /* kavsoft_realm_testUITests.xctest */ = {isa = PBXFileReference; explicitFileType = wrapper.cfbundle; includeInIndex = 0; path = kavsoft_realm_testUITests.xctest; sourceTree = BUILT_PRODUCTS_DIR; };
		87ABE2B32595C4F100560A95 /* kavsoft_realm_testUITests.swift */ = {isa = PBXFileReference; lastKnownFileType = sourcecode.swift; path = kavsoft_realm_testUITests.swift; sourceTree = "<group>"; };
		87ABE2B52595C4F100560A95 /* Info.plist */ = {isa = PBXFileReference; lastKnownFileType = text.plist.xml; path = Info.plist; sourceTree = "<group>"; };
/* End PBXFileReference section */

/* Begin PBXFrameworksBuildPhase section */
		87ABE2902595C4EC00560A95 /* Frameworks */ = {
			isa = PBXFrameworksBuildPhase;
			buildActionMask = 2147483647;
			files = (
				87ABE2C82595C78200560A95 /* RealmSwift in Frameworks */,
				87ABE2C62595C78200560A95 /* Realm in Frameworks */,
			);
			runOnlyForDeploymentPostprocessing = 0;
		};
		87ABE2A12595C4F100560A95 /* Frameworks */ = {
			isa = PBXFrameworksBuildPhase;
			buildActionMask = 2147483647;
			files = (
			);
			runOnlyForDeploymentPostprocessing = 0;
		};
		87ABE2AC2595C4F100560A95 /* Frameworks */ = {
			isa = PBXFrameworksBuildPhase;
			buildActionMask = 2147483647;
			files = (
			);
			runOnlyForDeploymentPostprocessing = 0;
		};
/* End PBXFrameworksBuildPhase section */

/* Begin PBXGroup section */
		87ABE28A2595C4EC00560A95 = {
			isa = PBXGroup;
			children = (
				87ABE2952595C4EC00560A95 /* kavsoft_realm_test */,
				87ABE2A72595C4F100560A95 /* kavsoft_realm_testTests */,
				87ABE2B22595C4F100560A95 /* kavsoft_realm_testUITests */,
				87ABE2942595C4EC00560A95 /* Products */,
			);
			sourceTree = "<group>";
		};
		87ABE2942595C4EC00560A95 /* Products */ = {
			isa = PBXGroup;
			children = (
				87ABE2932595C4EC00560A95 /* kavsoft_realm_test.app */,
				87ABE2A42595C4F100560A95 /* kavsoft_realm_testTests.xctest */,
				87ABE2AF2595C4F100560A95 /* kavsoft_realm_testUITests.xctest */,
			);
			name = Products;
			sourceTree = "<group>";
		};
		87ABE2952595C4EC00560A95 /* kavsoft_realm_test */ = {
			isa = PBXGroup;
			children = (
				87ABE2962595C4EC00560A95 /* kavsoft_realm_testApp.swift */,
				87ABE2982595C4EC00560A95 /* ContentView.swift */,
				87ABE29A2595C4F000560A95 /* Assets.xcassets */,
				87ABE29F2595C4F000560A95 /* Info.plist */,
				87ABE29C2595C4F000560A95 /* Preview Content */,
			);
			path = kavsoft_realm_test;
			sourceTree = "<group>";
		};
		87ABE29C2595C4F000560A95 /* Preview Content */ = {
			isa = PBXGroup;
			children = (
				87ABE29D2595C4F000560A95 /* Preview Assets.xcassets */,
			);
			path = "Preview Content";
			sourceTree = "<group>";
		};
		87ABE2A72595C4F100560A95 /* kavsoft_realm_testTests */ = {
			isa = PBXGroup;
			children = (
				87ABE2A82595C4F100560A95 /* kavsoft_realm_testTests.swift */,
				87ABE2AA2595C4F100560A95 /* Info.plist */,
			);
			path = kavsoft_realm_testTests;
			sourceTree = "<group>";
		};
		87ABE2B22595C4F100560A95 /* kavsoft_realm_testUITests */ = {
			isa = PBXGroup;
			children = (
				87ABE2B32595C4F100560A95 /* kavsoft_realm_testUITests.swift */,
				87ABE2B52595C4F100560A95 /* Info.plist */,
			);
			path = kavsoft_realm_testUITests;
			sourceTree = "<group>";
		};
/* End PBXGroup section */

/* Begin PBXNativeTarget section */
		87ABE2922595C4EC00560A95 /* kavsoft_realm_test */ = {
			isa = PBXNativeTarget;
			buildConfigurationList = 87ABE2B82595C4F100560A95 /* Build configuration list for PBXNativeTarget "kavsoft_realm_test" */;
			buildPhases = (
				87ABE28F2595C4EC00560A95 /* Sources */,
				87ABE2902595C4EC00560A95 /* Frameworks */,
				87ABE2912595C4EC00560A95 /* Resources */,
			);
			buildRules = (
			);
			dependencies = (
			);
			name = kavsoft_realm_test;
			packageProductDependencies = (
				87ABE2C52595C78200560A95 /* Realm */,
				87ABE2C72595C78200560A95 /* RealmSwift */,
			);
			productName = kavsoft_realm_test;
			productReference = 87ABE2932595C4EC00560A95 /* kavsoft_realm_test.app */;
			productType = "com.apple.product-type.application";
		};
		87ABE2A32595C4F100560A95 /* kavsoft_realm_testTests */ = {
			isa = PBXNativeTarget;
			buildConfigurationList = 87ABE2BB2595C4F100560A95 /* Build configuration list for PBXNativeTarget "kavsoft_realm_testTests" */;
			buildPhases = (
				87ABE2A02595C4F100560A95 /* Sources */,
				87ABE2A12595C4F100560A95 /* Frameworks */,
				87ABE2A22595C4F100560A95 /* Resources */,
			);
			buildRules = (
			);
			dependencies = (
				87ABE2A62595C4F100560A95 /* PBXTargetDependency */,
			);
			name = kavsoft_realm_testTests;
			productName = kavsoft_realm_testTests;
			productReference = 87ABE2A42595C4F100560A95 /* kavsoft_realm_testTests.xctest */;
			productType = "com.apple.product-type.bundle.unit-test";
		};
		87ABE2AE2595C4F100560A95 /* kavsoft_realm_testUITests */ = {
			isa = PBXNativeTarget;
			buildConfigurationList = 87ABE2BE2595C4F100560A95 /* Build configuration list for PBXNativeTarget "kavsoft_realm_testUITests" */;
			buildPhases = (
				87ABE2AB2595C4F100560A95 /* Sources */,
				87ABE2AC2595C4F100560A95 /* Frameworks */,
				87ABE2AD2595C4F100560A95 /* Resources */,
			);
			buildRules = (
			);
			dependencies = (
				87ABE2B12595C4F100560A95 /* PBXTargetDependency */,
			);
			name = kavsoft_realm_testUITests;
			productName = kavsoft_realm_testUITests;
			productReference = 87ABE2AF2595C4F100560A95 /* kavsoft_realm_testUITests.xctest */;
			productType = "com.apple.product-type.bundle.ui-testing";
		};
/* End PBXNativeTarget section */

/* Begin PBXProject section */
		87ABE28B2595C4EC00560A95 /* Project object */ = {
			isa = PBXProject;
			attributes = {
				LastSwiftUpdateCheck = 1220;
				LastUpgradeCheck = 1220;
				TargetAttributes = {
					87ABE2922595C4EC00560A95 = {
						CreatedOnToolsVersion = 12.2;
					};
					87ABE2A32595C4F100560A95 = {
						CreatedOnToolsVersion = 12.2;
						TestTargetID = 87ABE2922595C4EC00560A95;
					};
					87ABE2AE2595C4F100560A95 = {
						CreatedOnToolsVersion = 12.2;
						TestTargetID = 87ABE2922595C4EC00560A95;
					};
				};
			};
			buildConfigurationList = 87ABE28E2595C4EC00560A95 /* Build configuration list for PBXProject "kavsoft_realm_test" */;
			compatibilityVersion = "Xcode 9.3";
			developmentRegion = en;
			hasScannedForEncodings = 0;
			knownRegions = (
				en,
				Base,
			);
			mainGroup = 87ABE28A2595C4EC00560A95;
			packageReferences = (
				87ABE2C42595C78200560A95 /* XCRemoteSwiftPackageReference "realm-cocoa" */,
			);
			productRefGroup = 87ABE2942595C4EC00560A95 /* Products */;
			projectDirPath = "";
			projectRoot = "";
			targets = (
				87ABE2922595C4EC00560A95 /* kavsoft_realm_test */,
				87ABE2A32595C4F100560A95 /* kavsoft_realm_testTests */,
				87ABE2AE2595C4F100560A95 /* kavsoft_realm_testUITests */,
			);
		};
/* End PBXProject section */

/* Begin PBXResourcesBuildPhase section */
		87ABE2912595C4EC00560A95 /* Resources */ = {
			isa = PBXResourcesBuildPhase;
			buildActionMask = 2147483647;
			files = (
				87ABE29E2595C4F000560A95 /* Preview Assets.xcassets in Resources */,
				87ABE29B2595C4F000560A95 /* Assets.xcassets in Resources */,
			);
			runOnlyForDeploymentPostprocessing = 0;
		};
		87ABE2A22595C4F100560A95 /* Resources */ = {
			isa = PBXResourcesBuildPhase;
			buildActionMask = 2147483647;
			files = (
			);
			runOnlyForDeploymentPostprocessing = 0;
		};
		87ABE2AD2595C4F100560A95 /* Resources */ = {
			isa = PBXResourcesBuildPhase;
			buildActionMask = 2147483647;
			files = (
			);
			runOnlyForDeploymentPostprocessing = 0;
		};
/* End PBXResourcesBuildPhase section */

/* Begin PBXSourcesBuildPhase section */
		87ABE28F2595C4EC00560A95 /* Sources */ = {
			isa = PBXSourcesBuildPhase;
			buildActionMask = 2147483647;
			files = (
				87ABE2992595C4EC00560A95 /* ContentView.swift in Sources */,
				87ABE2972595C4EC00560A95 /* kavsoft_realm_testApp.swift in Sources */,
			);
			runOnlyForDeploymentPostprocessing = 0;
		};
		87ABE2A02595C4F100560A95 /* Sources */ = {
			isa = PBXSourcesBuildPhase;
			buildActionMask = 2147483647;
			files = (
				87ABE2A92595C4F100560A95 /* kavsoft_realm_testTests.swift in Sources */,
			);
			runOnlyForDeploymentPostprocessing = 0;
		};
		87ABE2AB2595C4F100560A95 /* Sources */ = {
			isa = PBXSourcesBuildPhase;
			buildActionMask = 2147483647;
			files = (
				87ABE2B42595C4F100560A95 /* kavsoft_realm_testUITests.swift in Sources */,
			);
			runOnlyForDeploymentPostprocessing = 0;
		};
/* End PBXSourcesBuildPhase section */

/* Begin PBXTargetDependency section */
		87ABE2A62595C4F100560A95 /* PBXTargetDependency */ = {
			isa = PBXTargetDependency;
			target = 87ABE2922595C4EC00560A95 /* kavsoft_realm_test */;
			targetProxy = 87ABE2A52595C4F100560A95 /* PBXContainerItemProxy */;
		};
		87ABE2B12595C4F100560A95 /* PBXTargetDependency */ = {
			isa = PBXTargetDependency;
			target = 87ABE2922595C4EC00560A95 /* kavsoft_realm_test */;
			targetProxy = 87ABE2B02595C4F100560A95 /* PBXContainerItemProxy */;
		};
/* End PBXTargetDependency section */

/* Begin XCBuildConfiguration section */
		87ABE2B62595C4F100560A95 /* Debug */ = {
			isa = XCBuildConfiguration;
			buildSettings = {
				ALWAYS_SEARCH_USER_PATHS = NO;
				CLANG_ANALYZER_NONNULL = YES;
				CLANG_ANALYZER_NUMBER_OBJECT_CONVERSION = YES_AGGRESSIVE;
				CLANG_CXX_LANGUAGE_STANDARD = "gnu++14";
				CLANG_CXX_LIBRARY = "libc++";
				CLANG_ENABLE_MODULES = YES;
				CLANG_ENABLE_OBJC_ARC = YES;
				CLANG_ENABLE_OBJC_WEAK = YES;
				CLANG_WARN_BLOCK_CAPTURE_AUTORELEASING = YES;
				CLANG_WARN_BOOL_CONVERSION = YES;
				CLANG_WARN_COMMA = YES;
				CLANG_WARN_CONSTANT_CONVERSION = YES;
				CLANG_WARN_DEPRECATED_OBJC_IMPLEMENTATIONS = YES;
				CLANG_WARN_DIRECT_OBJC_ISA_USAGE = YES_ERROR;
				CLANG_WARN_DOCUMENTATION_COMMENTS = YES;
				CLANG_WARN_EMPTY_BODY = YES;
				CLANG_WARN_ENUM_CONVERSION = YES;
				CLANG_WARN_INFINITE_RECURSION = YES;
				CLANG_WARN_INT_CONVERSION = YES;
				CLANG_WARN_NON_LITERAL_NULL_CONVERSION = YES;
				CLANG_WARN_OBJC_IMPLICIT_RETAIN_SELF = YES;
				CLANG_WARN_OBJC_LITERAL_CONVERSION = YES;
				CLANG_WARN_OBJC_ROOT_CLASS = YES_ERROR;
				CLANG_WARN_QUOTED_INCLUDE_IN_FRAMEWORK_HEADER = YES;
				CLANG_WARN_RANGE_LOOP_ANALYSIS = YES;
				CLANG_WARN_STRICT_PROTOTYPES = YES;
				CLANG_WARN_SUSPICIOUS_MOVE = YES;
				CLANG_WARN_UNGUARDED_AVAILABILITY = YES_AGGRESSIVE;
				CLANG_WARN_UNREACHABLE_CODE = YES;
				CLANG_WARN__DUPLICATE_METHOD_MATCH = YES;
				COPY_PHASE_STRIP = NO;
				DEBUG_INFORMATION_FORMAT = dwarf;
				ENABLE_STRICT_OBJC_MSGSEND = YES;
				ENABLE_TESTABILITY = YES;
				GCC_C_LANGUAGE_STANDARD = gnu11;
				GCC_DYNAMIC_NO_PIC = NO;
				GCC_NO_COMMON_BLOCKS = YES;
				GCC_OPTIMIZATION_LEVEL = 0;
				GCC_PREPROCESSOR_DEFINITIONS = (
					"DEBUG=1",
					"$(inherited)",
				);
				GCC_WARN_64_TO_32_BIT_CONVERSION = YES;
				GCC_WARN_ABOUT_RETURN_TYPE = YES_ERROR;
				GCC_WARN_UNDECLARED_SELECTOR = YES;
				GCC_WARN_UNINITIALIZED_AUTOS = YES_AGGRESSIVE;
				GCC_WARN_UNUSED_FUNCTION = YES;
				GCC_WARN_UNUSED_VARIABLE = YES;
				IPHONEOS_DEPLOYMENT_TARGET = 14.2;
				MTL_ENABLE_DEBUG_INFO = INCLUDE_SOURCE;
				MTL_FAST_MATH = YES;
				ONLY_ACTIVE_ARCH = YES;
				SDKROOT = iphoneos;
				SWIFT_ACTIVE_COMPILATION_CONDITIONS = DEBUG;
				SWIFT_OPTIMIZATION_LEVEL = "-Onone";
			};
			name = Debug;
		};
		87ABE2B72595C4F100560A95 /* Release */ = {
			isa = XCBuildConfiguration;
			buildSettings = {
				ALWAYS_SEARCH_USER_PATHS = NO;
				CLANG_ANALYZER_NONNULL = YES;
				CLANG_ANALYZER_NUMBER_OBJECT_CONVERSION = YES_AGGRESSIVE;
				CLANG_CXX_LANGUAGE_STANDARD = "gnu++14";
				CLANG_CXX_LIBRARY = "libc++";
				CLANG_ENABLE_MODULES = YES;
				CLANG_ENABLE_OBJC_ARC = YES;
				CLANG_ENABLE_OBJC_WEAK = YES;
				CLANG_WARN_BLOCK_CAPTURE_AUTORELEASING = YES;
				CLANG_WARN_BOOL_CONVERSION = YES;
				CLANG_WARN_COMMA = YES;
				CLANG_WARN_CONSTANT_CONVERSION = YES;
				CLANG_WARN_DEPRECATED_OBJC_IMPLEMENTATIONS = YES;
				CLANG_WARN_DIRECT_OBJC_ISA_USAGE = YES_ERROR;
				CLANG_WARN_DOCUMENTATION_COMMENTS = YES;
				CLANG_WARN_EMPTY_BODY = YES;
				CLANG_WARN_ENUM_CONVERSION = YES;
				CLANG_WARN_INFINITE_RECURSION = YES;
				CLANG_WARN_INT_CONVERSION = YES;
				CLANG_WARN_NON_LITERAL_NULL_CONVERSION = YES;
				CLANG_WARN_OBJC_IMPLICIT_RETAIN_SELF = YES;
				CLANG_WARN_OBJC_LITERAL_CONVERSION = YES;
				CLANG_WARN_OBJC_ROOT_CLASS = YES_ERROR;
				CLANG_WARN_QUOTED_INCLUDE_IN_FRAMEWORK_HEADER = YES;
				CLANG_WARN_RANGE_LOOP_ANALYSIS = YES;
				CLANG_WARN_STRICT_PROTOTYPES = YES;
				CLANG_WARN_SUSPICIOUS_MOVE = YES;
				CLANG_WARN_UNGUARDED_AVAILABILITY = YES_AGGRESSIVE;
				CLANG_WARN_UNREACHABLE_CODE = YES;
				CLANG_WARN__DUPLICATE_METHOD_MATCH = YES;
				COPY_PHASE_STRIP = NO;
				DEBUG_INFORMATION_FORMAT = "dwarf-with-dsym";
				ENABLE_NS_ASSERTIONS = NO;
				ENABLE_STRICT_OBJC_MSGSEND = YES;
				GCC_C_LANGUAGE_STANDARD = gnu11;
				GCC_NO_COMMON_BLOCKS = YES;
				GCC_WARN_64_TO_32_BIT_CONVERSION = YES;
				GCC_WARN_ABOUT_RETURN_TYPE = YES_ERROR;
				GCC_WARN_UNDECLARED_SELECTOR = YES;
				GCC_WARN_UNINITIALIZED_AUTOS = YES_AGGRESSIVE;
				GCC_WARN_UNUSED_FUNCTION = YES;
				GCC_WARN_UNUSED_VARIABLE = YES;
				IPHONEOS_DEPLOYMENT_TARGET = 14.2;
				MTL_ENABLE_DEBUG_INFO = NO;
				MTL_FAST_MATH = YES;
				SDKROOT = iphoneos;
				SWIFT_COMPILATION_MODE = wholemodule;
				SWIFT_OPTIMIZATION_LEVEL = "-O";
				VALIDATE_PRODUCT = YES;
			};
			name = Release;
		};
		87ABE2B92595C4F100560A95 /* Debug */ = {
			isa = XCBuildConfiguration;
			buildSettings = {
				ASSETCATALOG_COMPILER_APPICON_NAME = AppIcon;
				ASSETCATALOG_COMPILER_GLOBAL_ACCENT_COLOR_NAME = AccentColor;
				CODE_SIGN_STYLE = Automatic;
				DEVELOPMENT_ASSET_PATHS = "\"kavsoft_realm_test/Preview Content\"";
				DEVELOPMENT_TEAM = TSMM77STPH;
				ENABLE_PREVIEWS = YES;
				INFOPLIST_FILE = kavsoft_realm_test/Info.plist;
				IPHONEOS_DEPLOYMENT_TARGET = 14.0;
				LD_RUNPATH_SEARCH_PATHS = (
					"$(inherited)",
					"@executable_path/Frameworks",
				);
				PRODUCT_BUNDLE_IDENTIFIER = "com.kota.kavsoft-realm-test";
				PRODUCT_NAME = "$(TARGET_NAME)";
				SWIFT_VERSION = 5.0;
				TARGETED_DEVICE_FAMILY = "1,2";
			};
			name = Debug;
		};
		87ABE2BA2595C4F100560A95 /* Release */ = {
			isa = XCBuildConfiguration;
			buildSettings = {
				ASSETCATALOG_COMPILER_APPICON_NAME = AppIcon;
				ASSETCATALOG_COMPILER_GLOBAL_ACCENT_COLOR_NAME = AccentColor;
				CODE_SIGN_STYLE = Automatic;
				DEVELOPMENT_ASSET_PATHS = "\"kavsoft_realm_test/Preview Content\"";
				DEVELOPMENT_TEAM = TSMM77STPH;
				ENABLE_PREVIEWS = YES;
				INFOPLIST_FILE = kavsoft_realm_test/Info.plist;
				IPHONEOS_DEPLOYMENT_TARGET = 14.0;
				LD_RUNPATH_SEARCH_PATHS = (
					"$(inherited)",
					"@executable_path/Frameworks",
				);
				PRODUCT_BUNDLE_IDENTIFIER = "com.kota.kavsoft-realm-test";
				PRODUCT_NAME = "$(TARGET_NAME)";
				SWIFT_VERSION = 5.0;
				TARGETED_DEVICE_FAMILY = "1,2";
			};
			name = Release;
		};
		87ABE2BC2595C4F100560A95 /* Debug */ = {
			isa = XCBuildConfiguration;
			buildSettings = {
				ALWAYS_EMBED_SWIFT_STANDARD_LIBRARIES = YES;
				BUNDLE_LOADER = "$(TEST_HOST)";
				CODE_SIGN_STYLE = Automatic;
				DEVELOPMENT_TEAM = TSMM77STPH;
				INFOPLIST_FILE = kavsoft_realm_testTests/Info.plist;
				IPHONEOS_DEPLOYMENT_TARGET = 14.0;
				LD_RUNPATH_SEARCH_PATHS = (
					"$(inherited)",
					"@executable_path/Frameworks",
					"@loader_path/Frameworks",
				);
				PRODUCT_BUNDLE_IDENTIFIER = "com.kota.kavsoft-realm-testTests";
				PRODUCT_NAME = "$(TARGET_NAME)";
				SWIFT_VERSION = 5.0;
				TARGETED_DEVICE_FAMILY = "1,2";
				TEST_HOST = "$(BUILT_PRODUCTS_DIR)/kavsoft_realm_test.app/kavsoft_realm_test";
			};
			name = Debug;
		};
		87ABE2BD2595C4F100560A95 /* Release */ = {
			isa = XCBuildConfiguration;
			buildSettings = {
				ALWAYS_EMBED_SWIFT_STANDARD_LIBRARIES = YES;
				BUNDLE_LOADER = "$(TEST_HOST)";
				CODE_SIGN_STYLE = Automatic;
				DEVELOPMENT_TEAM = TSMM77STPH;
				INFOPLIST_FILE = kavsoft_realm_testTests/Info.plist;
				IPHONEOS_DEPLOYMENT_TARGET = 14.0;
				LD_RUNPATH_SEARCH_PATHS = (
					"$(inherited)",
					"@executable_path/Frameworks",
					"@loader_path/Frameworks",
				);
				PRODUCT_BUNDLE_IDENTIFIER = "com.kota.kavsoft-realm-testTests";
				PRODUCT_NAME = "$(TARGET_NAME)";
				SWIFT_VERSION = 5.0;
				TARGETED_DEVICE_FAMILY = "1,2";
				TEST_HOST = "$(BUILT_PRODUCTS_DIR)/kavsoft_realm_test.app/kavsoft_realm_test";
			};
			name = Release;
		};
		87ABE2BF2595C4F100560A95 /* Debug */ = {
			isa = XCBuildConfiguration;
			buildSettings = {
				ALWAYS_EMBED_SWIFT_STANDARD_LIBRARIES = YES;
				CODE_SIGN_STYLE = Automatic;
				DEVELOPMENT_TEAM = TSMM77STPH;
				INFOPLIST_FILE = kavsoft_realm_testUITests/Info.plist;
				LD_RUNPATH_SEARCH_PATHS = (
					"$(inherited)",
					"@executable_path/Frameworks",
					"@loader_path/Frameworks",
				);
				PRODUCT_BUNDLE_IDENTIFIER = "com.kota.kavsoft-realm-testUITests";
				PRODUCT_NAME = "$(TARGET_NAME)";
				SWIFT_VERSION = 5.0;
				TARGETED_DEVICE_FAMILY = "1,2";
				TEST_TARGET_NAME = kavsoft_realm_test;
			};
			name = Debug;
		};
		87ABE2C02595C4F100560A95 /* Release */ = {
			isa = XCBuildConfiguration;
			buildSettings = {
				ALWAYS_EMBED_SWIFT_STANDARD_LIBRARIES = YES;
				CODE_SIGN_STYLE = Automatic;
				DEVELOPMENT_TEAM = TSMM77STPH;
				INFOPLIST_FILE = kavsoft_realm_testUITests/Info.plist;
				LD_RUNPATH_SEARCH_PATHS = (
					"$(inherited)",
					"@executable_path/Frameworks",
					"@loader_path/Frameworks",
				);
				PRODUCT_BUNDLE_IDENTIFIER = "com.kota.kavsoft-realm-testUITests";
				PRODUCT_NAME = "$(TARGET_NAME)";
				SWIFT_VERSION = 5.0;
				TARGETED_DEVICE_FAMILY = "1,2";
				TEST_TARGET_NAME = kavsoft_realm_test;
			};
			name = Release;
		};
/* End XCBuildConfiguration section */

/* Begin XCConfigurationList section */
		87ABE28E2595C4EC00560A95 /* Build configuration list for PBXProject "kavsoft_realm_test" */ = {
			isa = XCConfigurationList;
			buildConfigurations = (
				87ABE2B62595C4F100560A95 /* Debug */,
				87ABE2B72595C4F100560A95 /* Release */,
			);
			defaultConfigurationIsVisible = 0;
			defaultConfigurationName = Release;
		};
		87ABE2B82595C4F100560A95 /* Build configuration list for PBXNativeTarget "kavsoft_realm_test" */ = {
			isa = XCConfigurationList;
			buildConfigurations = (
				87ABE2B92595C4F100560A95 /* Debug */,
				87ABE2BA2595C4F100560A95 /* Release */,
			);
			defaultConfigurationIsVisible = 0;
			defaultConfigurationName = Release;
		};
		87ABE2BB2595C4F100560A95 /* Build configuration list for PBXNativeTarget "kavsoft_realm_testTests" */ = {
			isa = XCConfigurationList;
			buildConfigurations = (
				87ABE2BC2595C4F100560A95 /* Debug */,
				87ABE2BD2595C4F100560A95 /* Release */,
			);
			defaultConfigurationIsVisible = 0;
			defaultConfigurationName = Release;
		};
		87ABE2BE2595C4F100560A95 /* Build configuration list for PBXNativeTarget "kavsoft_realm_testUITests" */ = {
			isa = XCConfigurationList;
			buildConfigurations = (
				87ABE2BF2595C4F100560A95 /* Debug */,
				87ABE2C02595C4F100560A95 /* Release */,
			);
			defaultConfigurationIsVisible = 0;
			defaultConfigurationName = Release;
		};
/* End XCConfigurationList section */

/* Begin XCRemoteSwiftPackageReference section */
		87ABE2C42595C78200560A95 /* XCRemoteSwiftPackageReference "realm-cocoa" */ = {
			isa = XCRemoteSwiftPackageReference;
			repositoryURL = "https://github.com/realm/realm-cocoa";
			requirement = {
				kind = upToNextMajorVersion;
				minimumVersion = 10.5.0;
			};
		};
/* End XCRemoteSwiftPackageReference section */

/* Begin XCSwiftPackageProductDependency section */
		87ABE2C52595C78200560A95 /* Realm */ = {
			isa = XCSwiftPackageProductDependency;
			package = 87ABE2C42595C78200560A95 /* XCRemoteSwiftPackageReference "realm-cocoa" */;
			productName = Realm;
		};
		87ABE2C72595C78200560A95 /* RealmSwift */ = {
			isa = XCSwiftPackageProductDependency;
			package = 87ABE2C42595C78200560A95 /* XCRemoteSwiftPackageReference "realm-cocoa" */;
			productName = RealmSwift;
		};
/* End XCSwiftPackageProductDependency section */
	};
	rootObject = 87ABE28B2595C4EC00560A95 /* Project object */;
}
